
Microsoft Visual Studio Solution File, Format Version 12.00
# Visual Studio Version 16
VisualStudioVersion = 16.0.31005.135
MinimumVisualStudioVersion = 10.0.40219.1
Project("{FAE04EC0-301F-11D3-BF4B-00C04F79EFBC}") = "pesopolis", "pesopolis\pesopolis.csproj", "{37F25CFE-058A-4984-AA5F-A9362D7A4871}"
EndProject
Global
	GlobalSection(SolutionConfigurationPlatforms) = preSolution
		Debug|Any CPU = Debug|Any CPU
		Release|Any CPU = Release|Any CPU
	EndGlobalSection
	GlobalSection(ProjectConfigurationPlatforms) = postSolution
		{37F25CFE-058A-4984-AA5F-A9362D7A4871}.Debug|Any CPU.ActiveCfg = Debug|Any CPU
		{37F25CFE-058A-4984-AA5F-A9362D7A4871}.Debug|Any CPU.Build.0 = Debug|Any CPU
		{37F25CFE-058A-4984-AA5F-A9362D7A4871}.Release|Any CPU.ActiveCfg = Release|Any CPU
		{37F25CFE-058A-4984-AA5F-A9362D7A4871}.Release|Any CPU.Build.0 = Release|Any CPU
	EndGlobalSection
	GlobalSection(SolutionProperties) = preSolution
		HideSolutionNode = FALSE
	EndGlobalSection
	GlobalSection(ExtensibilityGlobals) = postSolution
		SolutionGuid = {E9B36607-1062-4078-9355-49017627306C}
	EndGlobalSection
EndGlobal
